
Microsoft Visual Studio Solution File, Format Version 12.00
# Visual Studio Version 17
VisualStudioVersion = 17.9.34728.123
MinimumVisualStudioVersion = 10.0.40219.1
Project("{FAE04EC0-301F-11D3-BF4B-00C04F79EFBC}") = "TestExamWPF", "TestExamWPF\TestExamWPF.csproj", "{BF273925-F0E0-4E66-9D8B-CF6349F83503}"
EndProject
Project("{FAE04EC0-301F-11D3-BF4B-00C04F79EFBC}") = "TestExamDatabase", "TestExamDatabase\TestExamDatabase.csproj", "{5666E9BD-E525-4D37-BF9A-B590276F1925}"
EndProject
Global
	GlobalSection(SolutionConfigurationPlatforms) = preSolution
		Debug|Any CPU = Debug|Any CPU
		Release|Any CPU = Release|Any CPU
	EndGlobalSection
	GlobalSection(ProjectConfigurationPlatforms) = postSolution
		{BF273925-F0E0-4E66-9D8B-CF6349F83503}.Debug|Any CPU.ActiveCfg = Debug|Any CPU
		{BF273925-F0E0-4E66-9D8B-CF6349F83503}.Debug|Any CPU.Build.0 = Debug|Any CPU
		{BF273925-F0E0-4E66-9D8B-CF6349F83503}.Release|Any CPU.ActiveCfg = Release|Any CPU
		{BF273925-F0E0-4E66-9D8B-CF6349F83503}.Release|Any CPU.Build.0 = Release|Any CPU
		{5666E9BD-E525-4D37-BF9A-B590276F1925}.Debug|Any CPU.ActiveCfg = Debug|Any CPU
		{5666E9BD-E525-4D37-BF9A-B590276F1925}.Debug|Any CPU.Build.0 = Debug|Any CPU
		{5666E9BD-E525-4D37-BF9A-B590276F1925}.Release|Any CPU.ActiveCfg = Release|Any CPU
		{5666E9BD-E525-4D37-BF9A-B590276F1925}.Release|Any CPU.Build.0 = Release|Any CPU
	EndGlobalSection
	GlobalSection(SolutionProperties) = preSolution
		HideSolutionNode = FALSE
	EndGlobalSection
	GlobalSection(ExtensibilityGlobals) = postSolution
		SolutionGuid = {0F6A6325-F7A8-4DC4-A463-D5895F4C1891}
	EndGlobalSection
EndGlobal
